
Microsoft Visual Studio Solution File, Format Version 12.00
# Visual Studio Version 16
VisualStudioVersion = 16.0.30804.86
MinimumVisualStudioVersion = 10.0.40219.1
Project("{FAE04EC0-301F-11D3-BF4B-00C04F79EFBC}") = "CustomDictionary", "CustomDictionary\CustomDictionary.csproj", "{2C84EB5B-7D5B-45D9-B5BA-33C95B411F4E}"
EndProject
Global
	GlobalSection(SolutionConfigurationPlatforms) = preSolution
		Debug|Any CPU = Debug|Any CPU
		Release|Any CPU = Release|Any CPU
	EndGlobalSection
	GlobalSection(ProjectConfigurationPlatforms) = postSolution
		{2C84EB5B-7D5B-45D9-B5BA-33C95B411F4E}.Debug|Any CPU.ActiveCfg = Debug|Any CPU
		{2C84EB5B-7D5B-45D9-B5BA-33C95B411F4E}.Debug|Any CPU.Build.0 = Debug|Any CPU
		{2C84EB5B-7D5B-45D9-B5BA-33C95B411F4E}.Release|Any CPU.ActiveCfg = Release|Any CPU
		{2C84EB5B-7D5B-45D9-B5BA-33C95B411F4E}.Release|Any CPU.Build.0 = Release|Any CPU
	EndGlobalSection
	GlobalSection(SolutionProperties) = preSolution
		HideSolutionNode = FALSE
	EndGlobalSection
	GlobalSection(ExtensibilityGlobals) = postSolution
		SolutionGuid = {4B92B5DA-C56A-4FBA-BC46-6FF42CD6ABDB}
	EndGlobalSection
EndGlobal
